PODS:
  - Branch (1.39.2)
  - Capacitor (2.4.0):
    - CapacitorCordova
  - CapacitorCordova (2.4.0)

DEPENDENCIES:
  - Branch (~> 1.39.2)
  - "Capacitor (from `../node_modules/@capacitor/ios`)"
  - "CapacitorCordova (from `../node_modules/@capacitor/ios`)"

SPEC REPOS:
  trunk:
    - Branch

EXTERNAL SOURCES:
  Capacitor:
    :path: "../node_modules/@capacitor/ios"
  CapacitorCordova:
    :path: "../node_modules/@capacitor/ios"

SPEC CHECKSUMS:
  Branch: 6a281514287f99d707615ac62c2cca69e0213df0
  Capacitor: 0bc38985fc7744924a8e1d72a53b11e93f53adb5
  CapacitorCordova: ffb86bd6630220cf94a63306a72f13c653fb43aa

PODFILE CHECKSUM: ed010b1f1862e758e4f423e3f5111777da1de70c

COCOAPODS: 1.10.0
